
Microsoft Visual Studio Solution File, Format Version 12.00
# Visual Studio Version 17
VisualStudioVersion = 17.7.34009.444
MinimumVisualStudioVersion = 10.0.40219.1
Project("{9A19103F-16F7-4668-BE54-9A1E7A4F7556}") = "Task_API", "Task_API\Task_API.csproj", "{B6351288-B4C7-476D-9542-26AA69EF6591}"
EndProject
Project("{2150E333-8FDC-42A3-9474-1A3956D46DE8}") = "99_Tools", "99_Tools", "{FFF907D7-D062-470D-8EDE-3FCFDF5AB146}"
EndProject
Project("{2150E333-8FDC-42A3-9474-1A3956D46DE8}") = "00_Database", "00_Database", "{D0DFB30A-7A8D-40A6-AAE4-8A7FBC2F928A}"
EndProject
Project("{2150E333-8FDC-42A3-9474-1A3956D46DE8}") = "01_DAL", "01_DAL", "{93FD91E9-D041-4DCE-BAA6-5B3F5648DD93}"
EndProject
Project("{2150E333-8FDC-42A3-9474-1A3956D46DE8}") = "02_BLL", "02_BLL", "{81321C7D-C1AB-47EF-935B-F50249E6724B}"
EndProject
Project("{2150E333-8FDC-42A3-9474-1A3956D46DE8}") = "03_API", "03_API", "{BA5BAE20-A397-4A03-AEF6-5552301A0B38}"
EndProject
Project("{00D1A9C2-B5F0-4AF3-8072-F6C62B433612}") = "Task_Database", "Task_Database\Task_Database.sqlproj", "{831609FC-8A9E-47C7-A55B-E3C811E06234}"
EndProject
Project("{FAE04EC0-301F-11D3-BF4B-00C04F79EFBC}") = "Task_DAL", "Task_DAL\Task_DAL.csproj", "{DD5DDA03-E2CF-45C9-B08C-A846E6AFD8FA}"
EndProject
Project("{FAE04EC0-301F-11D3-BF4B-00C04F79EFBC}") = "Task_Tools", "Task_Tools\Task_Tools.csproj", "{4723C499-1919-4143-8231-327700E4E124}"
EndProject
Project("{FAE04EC0-301F-11D3-BF4B-00C04F79EFBC}") = "Task_BLL", "Task_BLL\Task_BLL.csproj", "{38D9C27E-563F-4BF8-8B49-53A4BF3B7565}"
EndProject
Global
	GlobalSection(SolutionConfigurationPlatforms) = preSolution
		Debug|Any CPU = Debug|Any CPU
		Release|Any CPU = Release|Any CPU
	EndGlobalSection
	GlobalSection(ProjectConfigurationPlatforms) = postSolution
		{B6351288-B4C7-476D-9542-26AA69EF6591}.Debug|Any CPU.ActiveCfg = Debug|Any CPU
		{B6351288-B4C7-476D-9542-26AA69EF6591}.Debug|Any CPU.Build.0 = Debug|Any CPU
		{B6351288-B4C7-476D-9542-26AA69EF6591}.Release|Any CPU.ActiveCfg = Release|Any CPU
		{B6351288-B4C7-476D-9542-26AA69EF6591}.Release|Any CPU.Build.0 = Release|Any CPU
		{831609FC-8A9E-47C7-A55B-E3C811E06234}.Debug|Any CPU.ActiveCfg = Debug|Any CPU
		{831609FC-8A9E-47C7-A55B-E3C811E06234}.Debug|Any CPU.Build.0 = Debug|Any CPU
		{831609FC-8A9E-47C7-A55B-E3C811E06234}.Debug|Any CPU.Deploy.0 = Debug|Any CPU
		{831609FC-8A9E-47C7-A55B-E3C811E06234}.Release|Any CPU.ActiveCfg = Release|Any CPU
		{831609FC-8A9E-47C7-A55B-E3C811E06234}.Release|Any CPU.Build.0 = Release|Any CPU
		{831609FC-8A9E-47C7-A55B-E3C811E06234}.Release|Any CPU.Deploy.0 = Release|Any CPU
		{DD5DDA03-E2CF-45C9-B08C-A846E6AFD8FA}.Debug|Any CPU.ActiveCfg = Debug|Any CPU
		{DD5DDA03-E2CF-45C9-B08C-A846E6AFD8FA}.Debug|Any CPU.Build.0 = Debug|Any CPU
		{DD5DDA03-E2CF-45C9-B08C-A846E6AFD8FA}.Release|Any CPU.ActiveCfg = Release|Any CPU
		{DD5DDA03-E2CF-45C9-B08C-A846E6AFD8FA}.Release|Any CPU.Build.0 = Release|Any CPU
		{4723C499-1919-4143-8231-327700E4E124}.Debug|Any CPU.ActiveCfg = Debug|Any CPU
		{4723C499-1919-4143-8231-327700E4E124}.Debug|Any CPU.Build.0 = Debug|Any CPU
		{4723C499-1919-4143-8231-327700E4E124}.Release|Any CPU.ActiveCfg = Release|Any CPU
		{4723C499-1919-4143-8231-327700E4E124}.Release|Any CPU.Build.0 = Release|Any CPU
		{38D9C27E-563F-4BF8-8B49-53A4BF3B7565}.Debug|Any CPU.ActiveCfg = Debug|Any CPU
		{38D9C27E-563F-4BF8-8B49-53A4BF3B7565}.Debug|Any CPU.Build.0 = Debug|Any CPU
		{38D9C27E-563F-4BF8-8B49-53A4BF3B7565}.Release|Any CPU.ActiveCfg = Release|Any CPU
		{38D9C27E-563F-4BF8-8B49-53A4BF3B7565}.Release|Any CPU.Build.0 = Release|Any CPU
	EndGlobalSection
	GlobalSection(SolutionProperties) = preSolution
		HideSolutionNode = FALSE
	EndGlobalSection
	GlobalSection(NestedProjects) = preSolution
		{B6351288-B4C7-476D-9542-26AA69EF6591} = {BA5BAE20-A397-4A03-AEF6-5552301A0B38}
		{831609FC-8A9E-47C7-A55B-E3C811E06234} = {D0DFB30A-7A8D-40A6-AAE4-8A7FBC2F928A}
		{DD5DDA03-E2CF-45C9-B08C-A846E6AFD8FA} = {93FD91E9-D041-4DCE-BAA6-5B3F5648DD93}
		{4723C499-1919-4143-8231-327700E4E124} = {FFF907D7-D062-470D-8EDE-3FCFDF5AB146}
		{38D9C27E-563F-4BF8-8B49-53A4BF3B7565} = {81321C7D-C1AB-47EF-935B-F50249E6724B}
	EndGlobalSection
	GlobalSection(ExtensibilityGlobals) = postSolution
		SolutionGuid = {58366310-B2FC-42B5-9479-465F9C45522C}
	EndGlobalSection
EndGlobal
